// !$*UTF8*$!
{
	archiveVersion = 1;
	classes = {
	};
	objectVersion = 46;
	objects = {

/* Begin PBXBuildFile section */
		AD1607DE195DB36300B52C99 /* AppDelegate.swift in Sources */ = {isa = PBXBuildFile; fileRef = AD1607DD195DB36300B52C99 /* AppDelegate.swift */; };
		AD1607E0195DB36300B52C99 /* Images.xcassets in Resources */ = {isa = PBXBuildFile; fileRef = AD1607DF195DB36300B52C99 /* Images.xcassets */; };
		AD1607EC195DB36300B52C99 /* SwiftCounterTests.swift in Sources */ = {isa = PBXBuildFile; fileRef = AD1607EB195DB36300B52C99 /* SwiftCounterTests.swift */; };
/* End PBXBuildFile section */

/* Begin PBXContainerItemProxy section */
		AD1607E6195DB36300B52C99 /* PBXContainerItemProxy */ = {
			isa = PBXContainerItemProxy;
			containerPortal = AD1607D0195DB36300B52C99 /* Project object */;
			proxyType = 1;
			remoteGlobalIDString = AD1607D7195DB36300B52C99;
			remoteInfo = SwiftCounter;
		};
/* End PBXContainerItemProxy section */

/* Begin PBXFileReference section */
		AD1607D8195DB36300B52C99 /* SwiftCounter.app */ = {isa = PBXFileReference; explicitFileType = wrapper.application; includeInIndex = 0; path = SwiftCounter.app; sourceTree = BUILT_PRODUCTS_DIR; };
		AD1607DC195DB36300B52C99 /* Info.plist */ = {isa = PBXFileReference; lastKnownFileType = text.plist.xml; path = Info.plist; sourceTree = "<group>"; };
		AD1607DD195DB36300B52C99 /* AppDelegate.swift */ = {isa = PBXFileReference; lastKnownFileType = sourcecode.swift; path = AppDelegate.swift; sourceTree = "<group>"; };
		AD1607DF195DB36300B52C99 /* Images.xcassets */ = {isa = PBXFileReference; lastKnownFileType = folder.assetcatalog; path = Images.xcassets; sourceTree = "<group>"; };
		AD1607E5195DB36300B52C99 /* SwiftCounterTests.xctest */ = {isa = PBXFileReference; explicitFileType = wrapper.cfbundle; includeInIndex = 0; path = SwiftCounterTests.xctest; sourceTree = BUILT_PRODUCTS_DIR; };
		AD1607EA195DB36300B52C99 /* Info.plist */ = {isa = PBXFileReference; lastKnownFileType = text.plist.xml; path = Info.plist; sourceTree = "<group>"; };
		AD1607EB195DB36300B52C99 /* SwiftCounterTests.swift */ = {isa = PBXFileReference; lastKnownFileType = sourcecode.swift; path = SwiftCounterTests.swift; sourceTree = "<group>"; };
/* End PBXFileReference section */

/* Begin PBXFrameworksBuildPhase section */
		AD1607D5195DB36300B52C99 /* Frameworks */ = {
			isa = PBXFrameworksBuildPhase;
			buildActionMask = 2147483647;
			files = (
			);
			runOnlyForDeploymentPostprocessing = 0;
		};
		AD1607E2195DB36300B52C99 /* Frameworks */ = {
			isa = PBXFrameworksBuildPhase;
			buildActionMask = 2147483647;
			files = (
			);
			runOnlyForDeploymentPostprocessing = 0;
		};
/* End PBXFrameworksBuildPhase section */

/* Begin PBXGroup section */
		AD1607CF195DB36300B52C99 = {
			isa = PBXGroup;
			children = (
				AD1607DA195DB36300B52C99 /* SwiftCounter */,
				AD1607E8195DB36300B52C99 /* SwiftCounterTests */,
				AD1607D9195DB36300B52C99 /* Products */,
			);
			sourceTree = "<group>";
		};
		AD1607D9195DB36300B52C99 /* Products */ = {
			isa = PBXGroup;
			children = (
				AD1607D8195DB36300B52C99 /* SwiftCounter.app */,
				AD1607E5195DB36300B52C99 /* SwiftCounterTests.xctest */,
			);
			name = Products;
			sourceTree = "<group>";
		};
		AD1607DA195DB36300B52C99 /* SwiftCounter */ = {
			isa = PBXGroup;
			children = (
				AD1607DD195DB36300B52C99 /* AppDelegate.swift */,
				AD1607DF195DB36300B52C99 /* Images.xcassets */,
				AD1607DB195DB36300B52C99 /* Supporting Files */,
			);
			path = SwiftCounter;
			sourceTree = "<group>";
		};
		AD1607DB195DB36300B52C99 /* Supporting Files */ = {
			isa = PBXGroup;
			children = (
				AD1607DC195DB36300B52C99 /* Info.plist */,
			);
			name = "Supporting Files";
			sourceTree = "<group>";
		};
		AD1607E8195DB36300B52C99 /* SwiftCounterTests */ = {
			isa = PBXGroup;
			children = (
				AD1607EB195DB36300B52C99 /* SwiftCounterTests.swift */,
				AD1607E9195DB36300B52C99 /* Supporting Files */,
			);
			path = SwiftCounterTests;
			sourceTree = "<group>";
		};
		AD1607E9195DB36300B52C99 /* Supporting Files */ = {
			isa = PBXGroup;
			children = (
				AD1607EA195DB36300B52C99 /* Info.plist */,
			);
			name = "Supporting Files";
			sourceTree = "<group>";
		};
/* End PBXGroup section */

/* Begin PBXNativeTarget section */
		AD1607D7195DB36300B52C99 /* SwiftCounter */ = {
			isa = PBXNativeTarget;
			buildConfigurationList = AD1607EF195DB36300B52C99 /* Build configuration list for PBXNativeTarget "SwiftCounter" */;
			buildPhases = (
				AD1607D4195DB36300B52C99 /* Sources */,
				AD1607D5195DB36300B52C99 /* Frameworks */,
				AD1607D6195DB36300B52C99 /* Resources */,
			);
			buildRules = (
			);
			dependencies = (
			);
			name = SwiftCounter;
			productName = SwiftCounter;
			productReference = AD1607D8195DB36300B52C99 /* SwiftCounter.app */;
			productType = "com.apple.product-type.application";
		};
		AD1607E4195DB36300B52C99 /* SwiftCounterTests */ = {
			isa = PBXNativeTarget;
			buildConfigurationList = AD1607F2195DB36300B52C99 /* Build configuration list for PBXNativeTarget "SwiftCounterTests" */;
			buildPhases = (
				AD1607E1195DB36300B52C99 /* Sources */,
				AD1607E2195DB36300B52C99 /* Frameworks */,
				AD1607E3195DB36300B52C99 /* Resources */,
			);
			buildRules = (
			);
			dependencies = (
				AD1607E7195DB36300B52C99 /* PBXTargetDependency */,
			);
			name = SwiftCounterTests;
			productName = SwiftCounterTests;
			productReference = AD1607E5195DB36300B52C99 /* SwiftCounterTests.xctest */;
			productType = "com.apple.product-type.bundle.unit-test";
		};
/* End PBXNativeTarget section */

/* Begin PBXProject section */
		AD1607D0195DB36300B52C99 /* Project object */ = {
			isa = PBXProject;
			attributes = {
				LastUpgradeCheck = 0600;
				ORGANIZATIONNAME = Fisher_Wu;
				TargetAttributes = {
					AD1607D7195DB36300B52C99 = {
						CreatedOnToolsVersion = 6.0;
					};
					AD1607E4195DB36300B52C99 = {
						CreatedOnToolsVersion = 6.0;
						TestTargetID = AD1607D7195DB36300B52C99;
					};
				};
			};
			buildConfigurationList = AD1607D3195DB36300B52C99 /* Build configuration list for PBXProject "SwiftCounter" */;
			compatibilityVersion = "Xcode 3.2";
			developmentRegion = English;
			hasScannedForEncodings = 0;
			knownRegions = (
				en,
			);
			mainGroup = AD1607CF195DB36300B52C99;
			productRefGroup = AD1607D9195DB36300B52C99 /* Products */;
			projectDirPath = "";
			projectRoot = "";
			targets = (
				AD1607D7195DB36300B52C99 /* SwiftCounter */,
				AD1607E4195DB36300B52C99 /* SwiftCounterTests */,
			);
		};
/* End PBXProject section */

/* Begin PBXResourcesBuildPhase section */
		AD1607D6195DB36300B52C99 /* Resources */ = {
			isa = PBXResourcesBuildPhase;
			buildActionMask = 2147483647;
			files = (
				AD1607E0195DB36300B52C99 /* Images.xcassets in Resources */,
			);
			runOnlyForDeploymentPostprocessing = 0;
		};
		AD1607E3195DB36300B52C99 /* Resources */ = {
			isa = PBXResourcesBuildPhase;
			buildActionMask = 2147483647;
			files = (
			);
			runOnlyForDeploymentPostprocessing = 0;
		};
/* End PBXResourcesBuildPhase section */

/* Begin PBXSourcesBuildPhase section */
		AD1607D4195DB36300B52C99 /* Sources */ = {
			isa = PBXSourcesBuildPhase;
			buildActionMask = 2147483647;
			files = (
				AD1607DE195DB36300B52C99 /* AppDelegate.swift in Sources */,
			);
			runOnlyForDeploymentPostprocessing = 0;
		};
		AD1607E1195DB36300B52C99 /* Sources */ = {
			isa = PBXSourcesBuildPhase;
			buildActionMask = 2147483647;
			files = (
				AD1607EC195DB36300B52C99 /* SwiftCounterTests.swift in Sources */,
			);
			runOnlyForDeploymentPostprocessing = 0;
		};
/* End PBXSourcesBuildPhase section */

/* Begin PBXTargetDependency section */
		AD1607E7195DB36300B52C99 /* PBXTargetDependency */ = {
			isa = PBXTargetDependency;
			target = AD1607D7195DB36300B52C99 /* SwiftCounter */;
			targetProxy = AD1607E6195DB36300B52C99 /* PBXContainerItemProxy */;
		};
/* End PBXTargetDependency section */

/* Begin XCBuildConfiguration section */
		AD1607ED195DB36300B52C99 /* Debug */ = {
			isa = XCBuildConfiguration;
			buildSettings = {
				ALWAYS_SEARCH_USER_PATHS = NO;
				CLANG_CXX_LANGUAGE_STANDARD = "gnu++0x";
				CLANG_CXX_LIBRARY = "libc++";
				CLANG_ENABLE_MODULES = YES;
				CLANG_ENABLE_OBJC_ARC = YES;
				CLANG_WARN_BOOL_CONVERSION = YES;
				CLANG_WARN_CONSTANT_CONVERSION = YES;
				CLANG_WARN_DIRECT_OBJC_ISA_USAGE = YES_ERROR;
				CLANG_WARN_EMPTY_BODY = YES;
				CLANG_WARN_ENUM_CONVERSION = YES;
				CLANG_WARN_INT_CONVERSION = YES;
				CLANG_WARN_OBJC_ROOT_CLASS = YES_ERROR;
				CLANG_WARN_UNREACHABLE_CODE = YES;
				CLANG_WARN__DUPLICATE_METHOD_MATCH = YES;
				"CODE_SIGN_IDENTITY[sdk=iphoneos*]" = "iPhone Developer";
				COPY_PHASE_STRIP = NO;
				ENABLE_STRICT_OBJC_MSGSEND = YES;
				GCC_C_LANGUAGE_STANDARD = gnu99;
				GCC_DYNAMIC_NO_PIC = NO;
				GCC_OPTIMIZATION_LEVEL = 0;
				GCC_PREPROCESSOR_DEFINITIONS = (
					"DEBUG=1",
					"$(inherited)",
				);
				GCC_SYMBOLS_PRIVATE_EXTERN = NO;
				GCC_WARN_64_TO_32_BIT_CONVERSION = YES;
				GCC_WARN_ABOUT_RETURN_TYPE = YES_ERROR;
				GCC_WARN_UNDECLARED_SELECTOR = YES;
				GCC_WARN_UNINITIALIZED_AUTOS = YES_AGGRESSIVE;
				GCC_WARN_UNUSED_FUNCTION = YES;
				GCC_WARN_UNUSED_VARIABLE = YES;
				IPHONEOS_DEPLOYMENT_TARGET = 8.0;
				METAL_ENABLE_DEBUG_INFO = YES;
				ONLY_ACTIVE_ARCH = YES;
				SDKROOT = iphoneos;
				SWIFT_OPTIMIZATION_LEVEL = "-Onone";
				TARGETED_DEVICE_FAMILY = "1,2";
			};
			name = Debug;
		};
		AD1607EE195DB36300B52C99 /* Release */ = {
			isa = XCBuildConfiguration;
			buildSettings = {
				ALWAYS_SEARCH_USER_PATHS = NO;
				CLANG_CXX_LANGUAGE_STANDARD = "gnu++0x";
				CLANG_CXX_LIBRARY = "libc++";
				CLANG_ENABLE_MODULES = YES;
				CLANG_ENABLE_OBJC_ARC = YES;
				CLANG_WARN_BOOL_CONVERSION = YES;
				CLANG_WARN_CONSTANT_CONVERSION = YES;
				CLANG_WARN_DIRECT_OBJC_ISA_USAGE = YES_ERROR;
				CLANG_WARN_EMPTY_BODY = YES;
				CLANG_WARN_ENUM_CONVERSION = YES;
				CLANG_WARN_INT_CONVERSION = YES;
				CLANG_WARN_OBJC_ROOT_CLASS = YES_ERROR;
				CLANG_WARN_UNREACHABLE_CODE = YES;
				CLANG_WARN__DUPLICATE_METHOD_MATCH = YES;
				"CODE_SIGN_IDENTITY[sdk=iphoneos*]" = "iPhone Developer";
				COPY_PHASE_STRIP = YES;
				ENABLE_NS_ASSERTIONS = NO;
				ENABLE_STRICT_OBJC_MSGSEND = YES;
				GCC_C_LANGUAGE_STANDARD = gnu99;
				GCC_WARN_64_TO_32_BIT_CONVERSION = YES;
				GCC_WARN_ABOUT_RETURN_TYPE = YES_ERROR;
				GCC_WARN_UNDECLARED_SELECTOR = YES;
				GCC_WARN_UNINITIALIZED_AUTOS = YES_AGGRESSIVE;
				GCC_WARN_UNUSED_FUNCTION = YES;
				GCC_WARN_UNUSED_VARIABLE = YES;
				IPHONEOS_DEPLOYMENT_TARGET = 8.0;
				METAL_ENABLE_DEBUG_INFO = NO;
				SDKROOT = iphoneos;
				TARGETED_DEVICE_FAMILY = "1,2";
				VALIDATE_PRODUCT = YES;
			};
			name = Release;
		};
		AD1607F0195DB36300B52C99 /* Debug */ = {
			isa = XCBuildConfiguration;
			buildSettings = {
				ASSETCATALOG_COMPILER_APPICON_NAME = AppIcon;
				ASSETCATALOG_COMPILER_LAUNCHIMAGE_NAME = LaunchImage;
				INFOPLIST_FILE = SwiftCounter/Info.plist;
				LD_RUNPATH_SEARCH_PATHS = "$(inherited) @executable_path/Frameworks";
				PRODUCT_NAME = "$(TARGET_NAME)";
			};
			name = Debug;
		};
		AD1607F1195DB36300B52C99 /* Release */ = {
			isa = XCBuildConfiguration;
			buildSettings = {
				ASSETCATALOG_COMPILER_APPICON_NAME = AppIcon;
				ASSETCATALOG_COMPILER_LAUNCHIMAGE_NAME = LaunchImage;
				INFOPLIST_FILE = SwiftCounter/Info.plist;
				LD_RUNPATH_SEARCH_PATHS = "$(inherited) @executable_path/Frameworks";
				PRODUCT_NAME = "$(TARGET_NAME)";
			};
			name = Release;
		};
		AD1607F3195DB36300B52C99 /* Debug */ = {
			isa = XCBuildConfiguration;
			buildSettings = {
				BUNDLE_LOADER = "$(BUILT_PRODUCTS_DIR)/SwiftCounter.app/SwiftCounter";
				FRAMEWORK_SEARCH_PATHS = (
					"$(SDKROOT)/Developer/Library/Frameworks",
					"$(inherited)",
				);
				GCC_PREPROCESSOR_DEFINITIONS = (
					"DEBUG=1",
					"$(inherited)",
				);
				INFOPLIST_FILE = SwiftCounterTests/Info.plist;
				LD_RUNPATH_SEARCH_PATHS = "$(inherited) @executable_path/Frameworks @loader_path/Frameworks";
				METAL_ENABLE_DEBUG_INFO = YES;
				PRODUCT_NAME = "$(TARGET_NAME)";
				TEST_HOST = "$(BUNDLE_LOADER)";
			};
			name = Debug;
		};
		AD1607F4195DB36300B52C99 /* Release */ = {
			isa = XCBuildConfiguration;
			buildSettings = {
				BUNDLE_LOADER = "$(BUILT_PRODUCTS_DIR)/SwiftCounter.app/SwiftCounter";
				FRAMEWORK_SEARCH_PATHS = (
					"$(SDKROOT)/Developer/Library/Frameworks",
					"$(inherited)",
				);
				INFOPLIST_FILE = SwiftCounterTests/Info.plist;
				LD_RUNPATH_SEARCH_PATHS = "$(inherited) @executable_path/Frameworks @loader_path/Frameworks";
				METAL_ENABLE_DEBUG_INFO = NO;
				PRODUCT_NAME = "$(TARGET_NAME)";
				TEST_HOST = "$(BUNDLE_LOADER)";
			};
			name = Release;
		};
/* End XCBuildConfiguration section */

/* Begin XCConfigurationList section */
		AD1607D3195DB36300B52C99 /* Build configuration list for PBXProject "SwiftCounter" */ = {
			isa = XCConfigurationList;
			buildConfigurations = (
				AD1607ED195DB36300B52C99 /* Debug */,
				AD1607EE195DB36300B52C99 /* Release */,
			);
			defaultConfigurationIsVisible = 0;
			defaultConfigurationName = Release;
		};
		AD1607EF195DB36300B52C99 /* Build configuration list for PBXNativeTarget "SwiftCounter" */ = {
			isa = XCConfigurationList;
			buildConfigurations = (
				AD1607F0195DB36300B52C99 /* Debug */,
				AD1607F1195DB36300B52C99 /* Release */,
			);
			defaultConfigurationIsVisible = 0;
		};
		AD1607F2195DB36300B52C99 /* Build configuration list for PBXNativeTarget "SwiftCounterTests" */ = {
			isa = XCConfigurationList;
			buildConfigurations = (
				AD1607F3195DB36300B52C99 /* Debug */,
				AD1607F4195DB36300B52C99 /* Release */,
			);
			defaultConfigurationIsVisible = 0;
		};
/* End XCConfigurationList section */
	};
	rootObject = AD1607D0195DB36300B52C99 /* Project object */;
}
